
Microsoft Visual Studio Solution File, Format Version 12.00
Project("{FAE04EC0-301F-11D3-BF4B-00C04F79EFBC}") = "TrashValley", "TrashValley\TrashValley.csproj", "{C1941B20-155D-4B98-86F5-341797498F39}"
EndProject
Project("{FAE04EC0-301F-11D3-BF4B-00C04F79EFBC}") = "Engine", "Engine\Engine.csproj", "{FD9C2608-949A-41F5-8605-0C1E353A598D}"
EndProject
Global
	GlobalSection(SolutionConfigurationPlatforms) = preSolution
		Debug|Any CPU = Debug|Any CPU
		Release|Any CPU = Release|Any CPU
	EndGlobalSection
	GlobalSection(ProjectConfigurationPlatforms) = postSolution
		{C1941B20-155D-4B98-86F5-341797498F39}.Debug|Any CPU.ActiveCfg = Debug|Any CPU
		{C1941B20-155D-4B98-86F5-341797498F39}.Debug|Any CPU.Build.0 = Debug|Any CPU
		{C1941B20-155D-4B98-86F5-341797498F39}.Release|Any CPU.ActiveCfg = Release|Any CPU
		{C1941B20-155D-4B98-86F5-341797498F39}.Release|Any CPU.Build.0 = Release|Any CPU
		{FD9C2608-949A-41F5-8605-0C1E353A598D}.Debug|Any CPU.ActiveCfg = Debug|Any CPU
		{FD9C2608-949A-41F5-8605-0C1E353A598D}.Debug|Any CPU.Build.0 = Debug|Any CPU
		{FD9C2608-949A-41F5-8605-0C1E353A598D}.Release|Any CPU.ActiveCfg = Release|Any CPU
		{FD9C2608-949A-41F5-8605-0C1E353A598D}.Release|Any CPU.Build.0 = Release|Any CPU
	EndGlobalSection
EndGlobal
